hash: 614dbe77d9e9464e03ece745adc599e6aba0be9e7a26076c929a81f988c7de3f
updated: 2020-01-14T14:08:06.556638338+05:30
imports:
- name: github.com/go-sql-driver/mysql
  version: 17ef3dd9d98b69acec3e85878995ada9533a9370
- name: github.com/gookit/color
  version: ecea05b3eccbc26b9c388d10f97e4d413deb3c29
- name: gopkg.in/yaml.v2
  version: 1f64d6156d11335c3f22d9330b0ad14fc1e789ce
testImports: []
